
Microsoft Visual Studio Solution File, Format Version 12.00
# Visual Studio Version 17
VisualStudioVersion = 17.8.34511.84
MinimumVisualStudioVersion = 10.0.40219.1
Project("{FAE04EC0-301F-11D3-BF4B-00C04F79EFBC}") = "ReddisSample1", "ReddisSample1\ReddisSample1.csproj", "{9D156977-E36E-4469-8181-635936B87189}"
EndProject
Global
	GlobalSection(SolutionConfigurationPlatforms) = preSolution
		Debug|Any CPU = Debug|Any CPU
		Release|Any CPU = Release|Any CPU
	EndGlobalSection
	GlobalSection(ProjectConfigurationPlatforms) = postSolution
		{9D156977-E36E-4469-8181-635936B87189}.Debug|Any CPU.ActiveCfg = Debug|Any CPU
		{9D156977-E36E-4469-8181-635936B87189}.Debug|Any CPU.Build.0 = Debug|Any CPU
		{9D156977-E36E-4469-8181-635936B87189}.Release|Any CPU.ActiveCfg = Release|Any CPU
		{9D156977-E36E-4469-8181-635936B87189}.Release|Any CPU.Build.0 = Release|Any CPU
	EndGlobalSection
	GlobalSection(SolutionProperties) = preSolution
		HideSolutionNode = FALSE
	EndGlobalSection
	GlobalSection(ExtensibilityGlobals) = postSolution
		SolutionGuid = {6FECED10-2517-41C2-B7D4-613EA9765D2A}
	EndGlobalSection
EndGlobal
